
Microsoft Visual Studio Solution File, Format Version 12.00
Project("{FAE04EC0-301F-11D3-BF4B-00C04F79EFBC}") = "AbgeordnetenWatchDotNet.ApiSpec", "AbgeordnetenWatchDotNet.ApiSpec\AbgeordnetenWatchDotNet.ApiSpec.proj", "{3CF0DCF9-8458-4CC0-B685-73491731EB79}"
EndProject
Project("{FAE04EC0-301F-11D3-BF4B-00C04F79EFBC}") = "AbgeordnetenWatchDotNet", "AbgeordnetenWatchDotNet\AbgeordnetenWatchDotNet.csproj", "{6D070805-01A9-485A-8274-62D2BFDDC89E}"
EndProject
Project("{FAE04EC0-301F-11D3-BF4B-00C04F79EFBC}") = "AbgeordnetenWatchDotNet.Example", "AbgeordnetenWatchDotNet.Example\AbgeordnetenWatchDotNet.Example.csproj", "{63089DCE-8707-45B5-B07C-3D9B5A6619E4}"
EndProject
Project("{FAE04EC0-301F-11D3-BF4B-00C04F79EFBC}") = "AbgeordnetenWatchDotNet.Extensions.DependencyInjection", "AbgeordnetenWatchDotNet.Extensions.DependencyInjection\AbgeordnetenWatchDotNet.Extensions.DependencyInjection.csproj", "{E4F1AEFA-1979-470E-9224-4BFA017A76AE}"
EndProject
Project("{2150E333-8FDC-42A3-9474-1A3956D46DE8}") = ".github", ".github", "{868A292C-A3D8-4435-A631-F96262626B15}"
EndProject
Project("{2150E333-8FDC-42A3-9474-1A3956D46DE8}") = "workflows", "workflows", "{48505711-4B9D-4D43-80C2-D1B66C442E18}"
	ProjectSection(SolutionItems) = preProject
		.github\workflows\dotnet.yml = .github\workflows\dotnet.yml
		.github\workflows\publish.yml = .github\workflows\publish.yml
	EndProjectSection
EndProject
Project("{2150E333-8FDC-42A3-9474-1A3956D46DE8}") = "Solution Items", "Solution Items", "{29CA14F6-8F82-407D-9FB1-4CB81EDCC50E}"
	ProjectSection(SolutionItems) = preProject
		.editorconfig = .editorconfig
		.gitignore = .gitignore
		CHANGELOG.md = CHANGELOG.md
		Directory.Build.props = Directory.Build.props
		global.json = global.json
		LICENSE.md = LICENSE.md
		Package.props = Package.props
		README.md = README.md
	EndProjectSection
EndProject
Global
	GlobalSection(SolutionConfigurationPlatforms) = preSolution
		Debug|Any CPU = Debug|Any CPU
		Release|Any CPU = Release|Any CPU
	EndGlobalSection
	GlobalSection(ProjectConfigurationPlatforms) = postSolution
		{6D070805-01A9-485A-8274-62D2BFDDC89E}.Debug|Any CPU.ActiveCfg = Debug|Any CPU
		{6D070805-01A9-485A-8274-62D2BFDDC89E}.Debug|Any CPU.Build.0 = Debug|Any CPU
		{6D070805-01A9-485A-8274-62D2BFDDC89E}.Release|Any CPU.ActiveCfg = Release|Any CPU
		{6D070805-01A9-485A-8274-62D2BFDDC89E}.Release|Any CPU.Build.0 = Release|Any CPU
		{63089DCE-8707-45B5-B07C-3D9B5A6619E4}.Debug|Any CPU.ActiveCfg = Debug|Any CPU
		{63089DCE-8707-45B5-B07C-3D9B5A6619E4}.Debug|Any CPU.Build.0 = Debug|Any CPU
		{63089DCE-8707-45B5-B07C-3D9B5A6619E4}.Release|Any CPU.ActiveCfg = Release|Any CPU
		{63089DCE-8707-45B5-B07C-3D9B5A6619E4}.Release|Any CPU.Build.0 = Release|Any CPU
		{E4F1AEFA-1979-470E-9224-4BFA017A76AE}.Debug|Any CPU.ActiveCfg = Debug|Any CPU
		{E4F1AEFA-1979-470E-9224-4BFA017A76AE}.Debug|Any CPU.Build.0 = Debug|Any CPU
		{E4F1AEFA-1979-470E-9224-4BFA017A76AE}.Release|Any CPU.ActiveCfg = Release|Any CPU
		{E4F1AEFA-1979-470E-9224-4BFA017A76AE}.Release|Any CPU.Build.0 = Release|Any CPU
	EndGlobalSection
	GlobalSection(NestedProjects) = preSolution
		{48505711-4B9D-4D43-80C2-D1B66C442E18} = {868A292C-A3D8-4435-A631-F96262626B15}
	EndGlobalSection
EndGlobal
