
Microsoft Visual Studio Solution File, Format Version 12.00
Project("{FAE04EC0-301F-11D3-BF4B-00C04F79EFBC}") = "AbgeordnetenOmat", "AbgeordnetenOmat\AbgeordnetenOmat.csproj", "{1ACDA05A-D549-4155-A5B8-F62A48EF049C}"
EndProject
Project("{FAE04EC0-301F-11D3-BF4B-00C04F79EFBC}") = "AbgeordnetenWatchApi", "AbgeordnetenWatchApi\AbgeordnetenWatchApi.csproj", "{F2A2BBF5-371E-474D-B8B7-218F3E64B2CC}"
EndProject
Project("{FAE04EC0-301F-11D3-BF4B-00C04F79EFBC}") = "AbgeordnetenWatchApi.Spec", "AbgeordnetenWatchApi.Spec\AbgeordnetenWatchApi.Spec.proj", "{BB119C2C-1D69-4E1F-BE16-E3EC20BDA9C7}"
EndProject
Global
	GlobalSection(SolutionConfigurationPlatforms) = preSolution
		Debug|Any CPU = Debug|Any CPU
		Release|Any CPU = Release|Any CPU
	EndGlobalSection
	GlobalSection(ProjectConfigurationPlatforms) = postSolution
		{1ACDA05A-D549-4155-A5B8-F62A48EF049C}.Debug|Any CPU.ActiveCfg = Debug|Any CPU
		{1ACDA05A-D549-4155-A5B8-F62A48EF049C}.Debug|Any CPU.Build.0 = Debug|Any CPU
		{1ACDA05A-D549-4155-A5B8-F62A48EF049C}.Release|Any CPU.ActiveCfg = Release|Any CPU
		{1ACDA05A-D549-4155-A5B8-F62A48EF049C}.Release|Any CPU.Build.0 = Release|Any CPU
		{F2A2BBF5-371E-474D-B8B7-218F3E64B2CC}.Debug|Any CPU.ActiveCfg = Debug|Any CPU
		{F2A2BBF5-371E-474D-B8B7-218F3E64B2CC}.Debug|Any CPU.Build.0 = Debug|Any CPU
		{F2A2BBF5-371E-474D-B8B7-218F3E64B2CC}.Release|Any CPU.ActiveCfg = Release|Any CPU
		{F2A2BBF5-371E-474D-B8B7-218F3E64B2CC}.Release|Any CPU.Build.0 = Release|Any CPU
		{BB119C2C-1D69-4E1F-BE16-E3EC20BDA9C7}.Debug|Any CPU.ActiveCfg = Debug|Any CPU
		{BB119C2C-1D69-4E1F-BE16-E3EC20BDA9C7}.Debug|Any CPU.Build.0 = Debug|Any CPU
		{BB119C2C-1D69-4E1F-BE16-E3EC20BDA9C7}.Release|Any CPU.ActiveCfg = Release|Any CPU
		{BB119C2C-1D69-4E1F-BE16-E3EC20BDA9C7}.Release|Any CPU.Build.0 = Release|Any CPU
	EndGlobalSection
EndGlobal
